
Microsoft Visual Studio Solution File, Format Version 12.00
# Visual Studio Version 16
VisualStudioVersion = 25.0.1704.0
MinimumVisualStudioVersion = 10.0.40219.1
Project("{FAE04EC0-301F-11D3-BF4B-00C04F79EFBC}") = "FederacionAtletismoSalamancaV3.Android", "FederacionAtletismoSalamancaV3\FederacionAtletismoSalamancaV3.Android\FederacionAtletismoSalamancaV3.Android.csproj", "{B7F49609-2F92-4EF1-AF38-3DBA1F5C3D6E}"
EndProject
Project("{FAE04EC0-301F-11D3-BF4B-00C04F79EFBC}") = "FederacionAtletismoSalamancaV3.iOS", "FederacionAtletismoSalamancaV3\FederacionAtletismoSalamancaV3.iOS\FederacionAtletismoSalamancaV3.iOS.csproj", "{3F99B8A6-3454-4D8F-9F95-13255B7BCF67}"
EndProject
Project("{FAE04EC0-301F-11D3-BF4B-00C04F79EFBC}") = "FederacionAtletismoSalamancaV3", "FederacionAtletismoSalamancaV3\FederacionAtletismoSalamancaV3\FederacionAtletismoSalamancaV3.csproj", "{7746D5A7-454B-4AF4-9A7D-697CDDA79E98}"
EndProject
Global
	GlobalSection(SolutionConfigurationPlatforms) = preSolution
		Debug|Any CPU = Debug|Any CPU
		Release|Any CPU = Release|Any CPU
		Debug|iPhoneSimulator = Debug|iPhoneSimulator
		Release|iPhoneSimulator = Release|iPhoneSimulator
		Debug|iPhone = Debug|iPhone
		Release|iPhone = Release|iPhone
	EndGlobalSection
	GlobalSection(ProjectConfigurationPlatforms) = postSolution
		{B7F49609-2F92-4EF1-AF38-3DBA1F5C3D6E}.Debug|Any CPU.ActiveCfg = Debug|Any CPU
		{B7F49609-2F92-4EF1-AF38-3DBA1F5C3D6E}.Debug|Any CPU.Build.0 = Debug|Any CPU
		{B7F49609-2F92-4EF1-AF38-3DBA1F5C3D6E}.Release|Any CPU.ActiveCfg = Release|Any CPU
		{B7F49609-2F92-4EF1-AF38-3DBA1F5C3D6E}.Release|Any CPU.Build.0 = Release|Any CPU
		{B7F49609-2F92-4EF1-AF38-3DBA1F5C3D6E}.Debug|iPhoneSimulator.ActiveCfg = Debug|Any CPU
		{B7F49609-2F92-4EF1-AF38-3DBA1F5C3D6E}.Debug|iPhoneSimulator.Build.0 = Debug|Any CPU
		{B7F49609-2F92-4EF1-AF38-3DBA1F5C3D6E}.Release|iPhoneSimulator.ActiveCfg = Release|Any CPU
		{B7F49609-2F92-4EF1-AF38-3DBA1F5C3D6E}.Release|iPhoneSimulator.Build.0 = Release|Any CPU
		{B7F49609-2F92-4EF1-AF38-3DBA1F5C3D6E}.Debug|iPhone.ActiveCfg = Debug|Any CPU
		{B7F49609-2F92-4EF1-AF38-3DBA1F5C3D6E}.Debug|iPhone.Build.0 = Debug|Any CPU
		{B7F49609-2F92-4EF1-AF38-3DBA1F5C3D6E}.Release|iPhone.ActiveCfg = Release|Any CPU
		{B7F49609-2F92-4EF1-AF38-3DBA1F5C3D6E}.Release|iPhone.Build.0 = Release|Any CPU
		{3F99B8A6-3454-4D8F-9F95-13255B7BCF67}.Debug|Any CPU.ActiveCfg = Debug|iPhoneSimulator
		{3F99B8A6-3454-4D8F-9F95-13255B7BCF67}.Debug|Any CPU.Build.0 = Debug|iPhoneSimulator
		{3F99B8A6-3454-4D8F-9F95-13255B7BCF67}.Release|Any CPU.ActiveCfg = Release|iPhoneSimulator
		{3F99B8A6-3454-4D8F-9F95-13255B7BCF67}.Release|Any CPU.Build.0 = Release|iPhoneSimulator
		{3F99B8A6-3454-4D8F-9F95-13255B7BCF67}.Debug|iPhoneSimulator.ActiveCfg = Debug|iPhoneSimulator
		{3F99B8A6-3454-4D8F-9F95-13255B7BCF67}.Debug|iPhoneSimulator.Build.0 = Debug|iPhoneSimulator
		{3F99B8A6-3454-4D8F-9F95-13255B7BCF67}.Release|iPhoneSimulator.ActiveCfg = Release|iPhoneSimulator
		{3F99B8A6-3454-4D8F-9F95-13255B7BCF67}.Release|iPhoneSimulator.Build.0 = Release|iPhoneSimulator
		{3F99B8A6-3454-4D8F-9F95-13255B7BCF67}.Debug|iPhone.ActiveCfg = Debug|iPhone
		{3F99B8A6-3454-4D8F-9F95-13255B7BCF67}.Debug|iPhone.Build.0 = Debug|iPhone
		{3F99B8A6-3454-4D8F-9F95-13255B7BCF67}.Release|iPhone.ActiveCfg = Release|iPhone
		{3F99B8A6-3454-4D8F-9F95-13255B7BCF67}.Release|iPhone.Build.0 = Release|iPhone
		{7746D5A7-454B-4AF4-9A7D-697CDDA79E98}.Debug|Any CPU.ActiveCfg = Debug|Any CPU
		{7746D5A7-454B-4AF4-9A7D-697CDDA79E98}.Debug|Any CPU.Build.0 = Debug|Any CPU
		{7746D5A7-454B-4AF4-9A7D-697CDDA79E98}.Release|Any CPU.ActiveCfg = Release|Any CPU
		{7746D5A7-454B-4AF4-9A7D-697CDDA79E98}.Release|Any CPU.Build.0 = Release|Any CPU
		{7746D5A7-454B-4AF4-9A7D-697CDDA79E98}.Debug|iPhoneSimulator.ActiveCfg = Debug|Any CPU
		{7746D5A7-454B-4AF4-9A7D-697CDDA79E98}.Debug|iPhoneSimulator.Build.0 = Debug|Any CPU
		{7746D5A7-454B-4AF4-9A7D-697CDDA79E98}.Release|iPhoneSimulator.ActiveCfg = Release|Any CPU
		{7746D5A7-454B-4AF4-9A7D-697CDDA79E98}.Release|iPhoneSimulator.Build.0 = Release|Any CPU
		{7746D5A7-454B-4AF4-9A7D-697CDDA79E98}.Debug|iPhone.ActiveCfg = Debug|Any CPU
		{7746D5A7-454B-4AF4-9A7D-697CDDA79E98}.Debug|iPhone.Build.0 = Debug|Any CPU
		{7746D5A7-454B-4AF4-9A7D-697CDDA79E98}.Release|iPhone.ActiveCfg = Release|Any CPU
		{7746D5A7-454B-4AF4-9A7D-697CDDA79E98}.Release|iPhone.Build.0 = Release|Any CPU
	EndGlobalSection
	GlobalSection(SolutionProperties) = preSolution
		HideSolutionNode = FALSE
	EndGlobalSection
	GlobalSection(ExtensibilityGlobals) = postSolution
		SolutionGuid = {553ADE86-D1EB-48DB-9DD5-375FED4E14ED}
	EndGlobalSection
EndGlobal
